
Microsoft Visual Studio Solution File, Format Version 12.00
# Visual Studio Version 16
VisualStudioVersion = 16.0.29911.84
MinimumVisualStudioVersion = 10.0.40219.1
Project("{FAE04EC0-301F-11D3-BF4B-00C04F79EFBC}") = "Warehouse_app", "Warehouse\Warehouse_app.csproj", "{46A4EAC8-CBF8-4FF1-A5EC-F2198D6E7AEF}"
EndProject
Project("{FAE04EC0-301F-11D3-BF4B-00C04F79EFBC}") = "Warehouse_lib", "Warehouse_lib\Warehouse_lib.csproj", "{3EE07ABE-C7C1-47C2-8D16-13795FB5CC52}"
EndProject
Global
	GlobalSection(SolutionConfigurationPlatforms) = preSolution
		Debug|Any CPU = Debug|Any CPU
		Release|Any CPU = Release|Any CPU
	EndGlobalSection
	GlobalSection(ProjectConfigurationPlatforms) = postSolution
		{46A4EAC8-CBF8-4FF1-A5EC-F2198D6E7AEF}.Debug|Any CPU.ActiveCfg = Debug|Any CPU
		{46A4EAC8-CBF8-4FF1-A5EC-F2198D6E7AEF}.Debug|Any CPU.Build.0 = Debug|Any CPU
		{46A4EAC8-CBF8-4FF1-A5EC-F2198D6E7AEF}.Release|Any CPU.ActiveCfg = Release|Any CPU
		{46A4EAC8-CBF8-4FF1-A5EC-F2198D6E7AEF}.Release|Any CPU.Build.0 = Release|Any CPU
		{3EE07ABE-C7C1-47C2-8D16-13795FB5CC52}.Debug|Any CPU.ActiveCfg = Debug|Any CPU
		{3EE07ABE-C7C1-47C2-8D16-13795FB5CC52}.Debug|Any CPU.Build.0 = Debug|Any CPU
		{3EE07ABE-C7C1-47C2-8D16-13795FB5CC52}.Release|Any CPU.ActiveCfg = Release|Any CPU
		{3EE07ABE-C7C1-47C2-8D16-13795FB5CC52}.Release|Any CPU.Build.0 = Release|Any CPU
	EndGlobalSection
	GlobalSection(SolutionProperties) = preSolution
		HideSolutionNode = FALSE
	EndGlobalSection
	GlobalSection(ExtensibilityGlobals) = postSolution
		SolutionGuid = {5522CC9E-ABC4-498B-841E-8F5462A3221A}
	EndGlobalSection
EndGlobal
